
Microsoft Visual Studio Solution File, Format Version 12.00
# Visual Studio Version 17
VisualStudioVersion = 17.2.32210.308
MinimumVisualStudioVersion = 10.0.40219.1
Project("{FAE04EC0-301F-11D3-BF4B-00C04F79EFBC}") = "PlayersController", "PlayersController.csproj", "{C99EE796-BFBA-4A98-955B-6717DDBE9C0B}"
EndProject
Global
	GlobalSection(SolutionConfigurationPlatforms) = preSolution
		Debug|Any CPU = Debug|Any CPU
		Release|Any CPU = Release|Any CPU
	EndGlobalSection
	GlobalSection(ProjectConfigurationPlatforms) = postSolution
		{C99EE796-BFBA-4A98-955B-6717DDBE9C0B}.Debug|Any CPU.ActiveCfg = Debug|Any CPU
		{C99EE796-BFBA-4A98-955B-6717DDBE9C0B}.Debug|Any CPU.Build.0 = Debug|Any CPU
		{C99EE796-BFBA-4A98-955B-6717DDBE9C0B}.Release|Any CPU.ActiveCfg = Release|Any CPU
		{C99EE796-BFBA-4A98-955B-6717DDBE9C0B}.Release|Any CPU.Build.0 = Release|Any CPU
	EndGlobalSection
	GlobalSection(SolutionProperties) = preSolution
		HideSolutionNode = FALSE
	EndGlobalSection
	GlobalSection(ExtensibilityGlobals) = postSolution
		SolutionGuid = {AA4E3799-CF5D-49C5-AE34-2F47445BBAE4}
	EndGlobalSection
EndGlobal
